
Microsoft Visual Studio Solution File, Format Version 12.00
# Visual Studio Version 16
VisualStudioVersion = 16.0.32002.261
MinimumVisualStudioVersion = 10.0.40219.1
Project("{FAE04EC0-301F-11D3-BF4B-00C04F79EFBC}") = "AuditTrialUsingMvcPlusIdentity", "AuditTrialUsingMvcPlusIdentity\AuditTrialUsingMvcPlusIdentity.csproj", "{D331C09A-148C-42A5-B439-43E814010E0A}"
EndProject
Global
	GlobalSection(SolutionConfigurationPlatforms) = preSolution
		Debug|Any CPU = Debug|Any CPU
		Release|Any CPU = Release|Any CPU
	EndGlobalSection
	GlobalSection(ProjectConfigurationPlatforms) = postSolution
		{D331C09A-148C-42A5-B439-43E814010E0A}.Debug|Any CPU.ActiveCfg = Debug|Any CPU
		{D331C09A-148C-42A5-B439-43E814010E0A}.Debug|Any CPU.Build.0 = Debug|Any CPU
		{D331C09A-148C-42A5-B439-43E814010E0A}.Release|Any CPU.ActiveCfg = Release|Any CPU
		{D331C09A-148C-42A5-B439-43E814010E0A}.Release|Any CPU.Build.0 = Release|Any CPU
	EndGlobalSection
	GlobalSection(SolutionProperties) = preSolution
		HideSolutionNode = FALSE
	EndGlobalSection
	GlobalSection(ExtensibilityGlobals) = postSolution
		SolutionGuid = {29731BED-3992-4F4C-9759-3D5C3394950E}
	EndGlobalSection
EndGlobal
